
Microsoft Visual Studio Solution File, Format Version 12.00
# Visual Studio 2013
VisualStudioVersion = 12.0.0.0
MinimumVisualStudioVersion = 10.0.0.1
Project("{FAE04EC0-301F-11D3-BF4B-00C04F79EFBC}") = "OneResUsage", "OneResUsage\OneResUsage.csproj", "{59CCDF33-64A0-4EE8-9FB2-6189AE4CD986}"
EndProject
Project("{FAE04EC0-301F-11D3-BF4B-00C04F79EFBC}") = "StaticAttribute", "StaticAttribute\StaticAttribute.csproj", "{E7C87620-83B6-4FB9-8885-E31A14D84395}"
EndProject
Project("{FAE04EC0-301F-11D3-BF4B-00C04F79EFBC}") = "TwoThread", "TrofiThread\TwoThread.csproj", "{79C14612-C1D4-4C3B-BE7C-9447B7792FDD}"
EndProject
Global
	GlobalSection(SolutionConfigurationPlatforms) = preSolution
		Debug|Any CPU = Debug|Any CPU
		Release|Any CPU = Release|Any CPU
	EndGlobalSection
	GlobalSection(ProjectConfigurationPlatforms) = postSolution
		{59CCDF33-64A0-4EE8-9FB2-6189AE4CD986}.Debug|Any CPU.ActiveCfg = Debug|Any CPU
		{59CCDF33-64A0-4EE8-9FB2-6189AE4CD986}.Debug|Any CPU.Build.0 = Debug|Any CPU
		{59CCDF33-64A0-4EE8-9FB2-6189AE4CD986}.Release|Any CPU.ActiveCfg = Release|Any CPU
		{59CCDF33-64A0-4EE8-9FB2-6189AE4CD986}.Release|Any CPU.Build.0 = Release|Any CPU
		{E7C87620-83B6-4FB9-8885-E31A14D84395}.Debug|Any CPU.ActiveCfg = Debug|Any CPU
		{E7C87620-83B6-4FB9-8885-E31A14D84395}.Debug|Any CPU.Build.0 = Debug|Any CPU
		{E7C87620-83B6-4FB9-8885-E31A14D84395}.Release|Any CPU.ActiveCfg = Release|Any CPU
		{E7C87620-83B6-4FB9-8885-E31A14D84395}.Release|Any CPU.Build.0 = Release|Any CPU
		{79C14612-C1D4-4C3B-BE7C-9447B7792FDD}.Debug|Any CPU.ActiveCfg = Debug|Any CPU
		{79C14612-C1D4-4C3B-BE7C-9447B7792FDD}.Debug|Any CPU.Build.0 = Debug|Any CPU
		{79C14612-C1D4-4C3B-BE7C-9447B7792FDD}.Release|Any CPU.ActiveCfg = Release|Any CPU
		{79C14612-C1D4-4C3B-BE7C-9447B7792FDD}.Release|Any CPU.Build.0 = Release|Any CPU
	EndGlobalSection
	GlobalSection(SolutionProperties) = preSolution
		HideSolutionNode = FALSE
	EndGlobalSection
EndGlobal
