
Microsoft Visual Studio Solution File, Format Version 12.00
# Visual Studio 15
VisualStudioVersion = 15.0.26228.12
MinimumVisualStudioVersion = 10.0.40219.1
Project("{FAE04EC0-301F-11D3-BF4B-00C04F79EFBC}") = "Simulation", "Simulation\Simulation.csproj", "{EF8380C3-72BC-4337-9A66-87F4DF832666}"
EndProject
Project("{FAE04EC0-301F-11D3-BF4B-00C04F79EFBC}") = "Simulation.Lib", "Simulation.Lib\Simulation.Lib.csproj", "{59C38260-4090-48AB-9960-B483698F27B2}"
EndProject
Project("{FAE04EC0-301F-11D3-BF4B-00C04F79EFBC}") = "Simulation.Tests", "Simulation.Tests\Simulation.Tests.csproj", "{1ED3D873-6587-4581-BEEC-977EE3A118B3}"
EndProject
Global
	GlobalSection(SolutionConfigurationPlatforms) = preSolution
		Debug|Any CPU = Debug|Any CPU
		Release|Any CPU = Release|Any CPU
	EndGlobalSection
	GlobalSection(ProjectConfigurationPlatforms) = postSolution
		{EF8380C3-72BC-4337-9A66-87F4DF832666}.Debug|Any CPU.ActiveCfg = Debug|Any CPU
		{EF8380C3-72BC-4337-9A66-87F4DF832666}.Debug|Any CPU.Build.0 = Debug|Any CPU
		{EF8380C3-72BC-4337-9A66-87F4DF832666}.Release|Any CPU.ActiveCfg = Release|Any CPU
		{EF8380C3-72BC-4337-9A66-87F4DF832666}.Release|Any CPU.Build.0 = Release|Any CPU
		{59C38260-4090-48AB-9960-B483698F27B2}.Debug|Any CPU.ActiveCfg = Debug|Any CPU
		{59C38260-4090-48AB-9960-B483698F27B2}.Debug|Any CPU.Build.0 = Debug|Any CPU
		{59C38260-4090-48AB-9960-B483698F27B2}.Release|Any CPU.ActiveCfg = Release|Any CPU
		{59C38260-4090-48AB-9960-B483698F27B2}.Release|Any CPU.Build.0 = Release|Any CPU
		{1ED3D873-6587-4581-BEEC-977EE3A118B3}.Debug|Any CPU.ActiveCfg = Debug|Any CPU
		{1ED3D873-6587-4581-BEEC-977EE3A118B3}.Debug|Any CPU.Build.0 = Debug|Any CPU
		{1ED3D873-6587-4581-BEEC-977EE3A118B3}.Release|Any CPU.ActiveCfg = Release|Any CPU
		{1ED3D873-6587-4581-BEEC-977EE3A118B3}.Release|Any CPU.Build.0 = Release|Any CPU
	EndGlobalSection
	GlobalSection(SolutionProperties) = preSolution
		HideSolutionNode = FALSE
	EndGlobalSection
EndGlobal
